
Microsoft Visual Studio Solution File, Format Version 12.00
# Visual Studio Version 17
VisualStudioVersion = 17.2.32616.157
MinimumVisualStudioVersion = 10.0.40219.1
Project("{FAE04EC0-301F-11D3-BF4B-00C04F79EFBC}") = "DevForMeme", "DevForMeme\DevForMeme.csproj", "{7D806378-0EC4-4CA4-8555-380B776B6C83}"
EndProject
Global
	GlobalSection(SolutionConfigurationPlatforms) = preSolution
		Debug|Any CPU = Debug|Any CPU
		Release|Any CPU = Release|Any CPU
	EndGlobalSection
	GlobalSection(ProjectConfigurationPlatforms) = postSolution
		{7D806378-0EC4-4CA4-8555-380B776B6C83}.Debug|Any CPU.ActiveCfg = Debug|Any CPU
		{7D806378-0EC4-4CA4-8555-380B776B6C83}.Debug|Any CPU.Build.0 = Debug|Any CPU
		{7D806378-0EC4-4CA4-8555-380B776B6C83}.Release|Any CPU.ActiveCfg = Release|Any CPU
		{7D806378-0EC4-4CA4-8555-380B776B6C83}.Release|Any CPU.Build.0 = Release|Any CPU
	EndGlobalSection
	GlobalSection(SolutionProperties) = preSolution
		HideSolutionNode = FALSE
	EndGlobalSection
	GlobalSection(ExtensibilityGlobals) = postSolution
		SolutionGuid = {611095DC-D2B6-4473-996D-F2E47B84896C}
	EndGlobalSection
EndGlobal
